
Microsoft Visual Studio Solution File, Format Version 10.00
# Visual Studio 2008
Project("{FAE04EC0-301F-11D3-BF4B-00C04F79EFBC}") = "Website", "Website.csproj", "{AD07D276-C6AF-4928-AE00-4B940E8B60E2}"
EndProject
Global
	GlobalSection(SolutionConfigurationPlatforms) = preSolution
		Debug|Any CPU = Debug|Any CPU
		Release|Any CPU = Release|Any CPU
	EndGlobalSection
	GlobalSection(ProjectConfigurationPlatforms) = postSolution
		{AD07D276-C6AF-4928-AE00-4B940E8B60E2}.Debug|Any CPU.ActiveCfg = Debug|Any CPU
		{AD07D276-C6AF-4928-AE00-4B940E8B60E2}.Debug|Any CPU.Build.0 = Debug|Any CPU
		{AD07D276-C6AF-4928-AE00-4B940E8B60E2}.Release|Any CPU.ActiveCfg = Release|Any CPU
		{AD07D276-C6AF-4928-AE00-4B940E8B60E2}.Release|Any CPU.Build.0 = Release|Any CPU
	EndGlobalSection
	GlobalSection(SolutionProperties) = preSolution
		HideSolutionNode = FALSE
	EndGlobalSection
EndGlobal
